{
  "name": "Collecting-data",
  "lockfileVersion": 3,
  "requires": true,
  "packages": {
    "": {
      "dependencies": {
        "react-native-wifi-checker": "^0.0.2"
      }
    },
    "node_modules/react-native-wifi-checker": {
      "version": "0.0.2",
      "resolved": "https://registry.npmjs.org/react-native-wifi-checker/-/react-native-wifi-checker-0.0.2.tgz",
      "integrity": "sha512-MUnPuf6LqIZ/wTnBfWi8i+3I7vt3M1U+lXUG7ITpo+7dcPIcaKQpWeT2Hz8wFmjCAFjXs3gGraXUvXhjPmUCxw=="
    }
  }
}
